uuid: cdef85a0-d0da-48a0-bb58-71d3b48926f6
langcode: en
status: true
dependencies:
  module:
    - hwc_partner
  theme:
    - hwc_theme
id: privateworkbenchblock
theme: hwc_theme
region: header_form
weight: -13
provider: null
plugin: private_workbench
settings:
  id: private_workbench
  label: 'Private Workbench Block'
  label_display: '0'
  provider: hwc_partner
visibility: {  }
